<Solution>
  <Folder Name="/src/">
    <Project Path="src/WorldGen.Cli/WorldGen.Cli.csproj" />
    <Project Path="src/WorldGen.Core/WorldGen.Core.csproj" />
    <Project Path="src/WorldGen.Persistence/WorldGen.Persistence.csproj" />
  </Folder>
  <Folder Name="/tests/">
    <Project Path="tests/WorldGen.Tests/WorldGen.Tests.csproj" />
  </Folder>
</Solution>
